{
  "name": "@jpkme/diff-review",
  "version": "0.1.3",
  "lockfileVersion": 3,
  "requires": true,
  "packages": {
    "": {
      "name": "@jpkme/diff-review",
      "version": "0.1.3",
      "license": "MIT",
      "dependencies": {
        "@bindrs/rfd": "^2.2.2"
      },
      "bin": {
        "diff-review": "bin/diff-review.mjs"
      },
      "engines": {
        "node": ">=20"
      }
    },
    "node_modules/@bindrs/rfd": {
      "version": "2.2.2",
      "resolved": "https://registry.npmjs.org/@bindrs/rfd/-/rfd-2.2.2.tgz",
      "integrity": "sha512-xBHvo2+fd13L6KDUSxXnPcExxnXAMe2FrcCva+huw22B7oS5cz6EMfInWpCqWaFHnTbMWsZWjXVM1u5S4ThaCA==",
      "license": "MIT"
    }
  }
}
